// !$*UTF8*$!
{
	archiveVersion = 1;
	classes = {
	};
	objectVersion = 50;
	objects = {

/* Begin PBXBuildFile section */
		0F31D8F622B7DE26009D305A /* Cocoa.framework in Frameworks */ = {isa = PBXBuildFile; fileRef = 0F31D8F522B7DE26009D305A /* Cocoa.framework */; };
		0F31D8F922B7DE26009D305A /* SafariExtensionHandler.swift in Sources */ = {isa = PBXBuildFile; fileRef = 0F31D8F822B7DE26009D305A /* SafariExtensionHandler.swift */; };
		0F31D8FB22B7DE26009D305A /* SafariExtensionViewController.swift in Sources */ = {isa = PBXBuildFile; fileRef = 0F31D8FA22B7DE26009D305A /* SafariExtensionViewController.swift */; };
		0F31D8FE22B7DE26009D305A /* SafariExtensionViewController.xib in Resources */ = {isa = PBXBuildFile; fileRef = 0F31D8FC22B7DE26009D305A /* SafariExtensionViewController.xib */; };
		0F31D90122B7DE26009D305A /* script.js in Resources */ = {isa = PBXBuildFile; fileRef = 0F31D90022B7DE26009D305A /* script.js */; };
		0F31D90322B7DE26009D305A /* ToolbarItemIcon.pdf in Resources */ = {isa = PBXBuildFile; fileRef = 0F31D90222B7DE26009D305A /* ToolbarItemIcon.pdf */; };
		0F31D90722B7DE26009D305A /* Phage Injector.appex in Embed App Extensions */ = {isa = PBXBuildFile; fileRef = 0F31D8F322B7DE26009D305A /* Phage Injector.appex */; settings = {ATTRIBUTES = (RemoveHeadersOnCopy, ); }; };
		0FA5315E22B7D33000715AB8 /* AppDelegate.swift in Sources */ = {isa = PBXBuildFile; fileRef = 0FA5315D22B7D33000715AB8 /* AppDelegate.swift */; };
		0FA5316022B7D33000715AB8 /* ContentView.swift in Sources */ = {isa = PBXBuildFile; fileRef = 0FA5315F22B7D33000715AB8 /* ContentView.swift */; };
		0FA5316222B7D33100715AB8 /* Assets.xcassets in Resources */ = {isa = PBXBuildFile; fileRef = 0FA5316122B7D33100715AB8 /* Assets.xcassets */; };
		0FA5316522B7D33100715AB8 /* Preview Assets.xcassets in Resources */ = {isa = PBXBuildFile; fileRef = 0FA5316422B7D33100715AB8 /* Preview Assets.xcassets */; };
		0FA5316822B7D33100715AB8 /* Main.storyboard in Resources */ = {isa = PBXBuildFile; fileRef = 0FA5316622B7D33100715AB8 /* Main.storyboard */; };
		0FA5317422B7D33200715AB8 /* PhageTests.swift in Sources */ = {isa = PBXBuildFile; fileRef = 0FA5317322B7D33200715AB8 /* PhageTests.swift */; };
		0FA5317F22B7D33200715AB8 /* PhageUITests.swift in Sources */ = {isa = PBXBuildFile; fileRef = 0FA5317E22B7D33200715AB8 /* PhageUITests.swift */; };
		0FDFB3D522B7EA8200213CC7 /* PhageCore.framework in Frameworks */ = {isa = PBXBuildFile; fileRef = 0FDFB3CC22B7EA8200213CC7 /* PhageCore.framework */; };
		0FDFB3DC22B7EA8200213CC7 /* PhageCoreTests.swift in Sources */ = {isa = PBXBuildFile; fileRef = 0FDFB3DB22B7EA8200213CC7 /* PhageCoreTests.swift */; };
		0FDFB3E122B7EA8200213CC7 /* PhageCore.framework in Frameworks */ = {isa = PBXBuildFile; fileRef = 0FDFB3CC22B7EA8200213CC7 /* PhageCore.framework */; };
		0FDFB3E222B7EA8200213CC7 /* PhageCore.framework in Embed Frameworks */ = {isa = PBXBuildFile; fileRef = 0FDFB3CC22B7EA8200213CC7 /* PhageCore.framework */; settings = {ATTRIBUTES = (CodeSignOnCopy, RemoveHeadersOnCopy, ); }; };
		0FDFB3EA22B7EA9200213CC7 /* PhageCore.framework in Frameworks */ = {isa = PBXBuildFile; fileRef = 0FDFB3CC22B7EA8200213CC7 /* PhageCore.framework */; };
		0FDFB3EB22B7EA9200213CC7 /* PhageCore.framework in Embed Frameworks */ = {isa = PBXBuildFile; fileRef = 0FDFB3CC22B7EA8200213CC7 /* PhageCore.framework */; settings = {ATTRIBUTES = (CodeSignOnCopy, RemoveHeadersOnCopy, ); }; };
		0FDFB3F022B7EAF700213CC7 /* PhageData.swift in Sources */ = {isa = PBXBuildFile; fileRef = 0FDFB3EF22B7EAF700213CC7 /* PhageData.swift */; };
		0FDFB3F422B8A10900213CC7 /* PhageDataBundle.swift in Sources */ = {isa = PBXBuildFile; fileRef = 0FDFB3F322B8A10900213CC7 /* PhageDataBundle.swift */; };
		0FDFB3F622B93C7E00213CC7 /* PhageDataFile.swift in Sources */ = {isa = PBXBuildFile; fileRef = 0FDFB3F522B93C7E00213CC7 /* PhageDataFile.swift */; };
		0FFB95BE22C2291D008D2FAE /* PhageDependencies.swift in Sources */ = {isa = PBXBuildFile; fileRef = 0FFB95BD22C2291D008D2FAE /* PhageDependencies.swift */; };
/* End PBXBuildFile section */

/* Begin PBXContainerItemProxy section */
		0F31D90522B7DE26009D305A /* PBXContainerItemProxy */ = {
			isa = PBXContainerItemProxy;
			containerPortal = 0FA5315222B7D33000715AB8 /* Project object */;
			proxyType = 1;
			remoteGlobalIDString = 0F31D8F222B7DE26009D305A;
			remoteInfo = "Phage Injector";
		};
		0FA5317022B7D33200715AB8 /* PBXContainerItemProxy */ = {
			isa = PBXContainerItemProxy;
			containerPortal = 0FA5315222B7D33000715AB8 /* Project object */;
			proxyType = 1;
			remoteGlobalIDString = 0FA5315922B7D33000715AB8;
			remoteInfo = Phage;
		};
		0FA5317B22B7D33200715AB8 /* PBXContainerItemProxy */ = {
			isa = PBXContainerItemProxy;
			containerPortal = 0FA5315222B7D33000715AB8 /* Project object */;
			proxyType = 1;
			remoteGlobalIDString = 0FA5315922B7D33000715AB8;
			remoteInfo = Phage;
		};
		0FDFB3D622B7EA8200213CC7 /* PBXContainerItemProxy */ = {
			isa = PBXContainerItemProxy;
			containerPortal = 0FA5315222B7D33000715AB8 /* Project object */;
			proxyType = 1;
			remoteGlobalIDString = 0FDFB3CB22B7EA8200213CC7;
			remoteInfo = PhageCore;
		};
		0FDFB3D822B7EA8200213CC7 /* PBXContainerItemProxy */ = {
			isa = PBXContainerItemProxy;
			containerPortal = 0FA5315222B7D33000715AB8 /* Project object */;
			proxyType = 1;
			remoteGlobalIDString = 0FA5315922B7D33000715AB8;
			remoteInfo = Phage;
		};
		0FDFB3DF22B7EA8200213CC7 /* PBXContainerItemProxy */ = {
			isa = PBXContainerItemProxy;
			containerPortal = 0FA5315222B7D33000715AB8 /* Project object */;
			proxyType = 1;
			remoteGlobalIDString = 0FDFB3CB22B7EA8200213CC7;
			remoteInfo = PhageCore;
		};
		0FDFB3EC22B7EA9200213CC7 /* PBXContainerItemProxy */ = {
			isa = PBXContainerItemProxy;
			containerPortal = 0FA5315222B7D33000715AB8 /* Project object */;
			proxyType = 1;
			remoteGlobalIDString = 0FDFB3CB22B7EA8200213CC7;
			remoteInfo = PhageCore;
		};
/* End PBXContainerItemProxy section */

/* Begin PBXCopyFilesBuildPhase section */
		0F31D90822B7DE26009D305A /* Embed App Extensions */ = {
			isa = PBXCopyFilesBuildPhase;
			buildActionMask = 2147483647;
			dstPath = "";
			dstSubfolderSpec = 13;
			files = (
				0F31D90722B7DE26009D305A /* Phage Injector.appex in Embed App Extensions */,
			);
			name = "Embed App Extensions";
			runOnlyForDeploymentPostprocessing = 0;
		};
		0FDFB3E622B7EA8200213CC7 /* Embed Frameworks */ = {
			isa = PBXCopyFilesBuildPhase;
			buildActionMask = 2147483647;
			dstPath = "";
			dstSubfolderSpec = 10;
			files = (
				0FDFB3E222B7EA8200213CC7 /* PhageCore.framework in Embed Frameworks */,
			);
			name = "Embed Frameworks";
			runOnlyForDeploymentPostprocessing = 0;
		};
		0FDFB3EE22B7EA9200213CC7 /* Embed Frameworks */ = {
			isa = PBXCopyFilesBuildPhase;
			buildActionMask = 2147483647;
			dstPath = "";
			dstSubfolderSpec = 10;
			files = (
				0FDFB3EB22B7EA9200213CC7 /* PhageCore.framework in Embed Frameworks */,
			);
			name = "Embed Frameworks";
			runOnlyForDeploymentPostprocessing = 0;
		};
/* End PBXCopyFilesBuildPhase section */

/* Begin PBXFileReference section */
		0F31D8F322B7DE26009D305A /* Phage Injector.appex */ = {isa = PBXFileReference; explicitFileType = "wrapper.app-extension"; includeInIndex = 0; path = "Phage Injector.appex"; sourceTree = BUILT_PRODUCTS_DIR; };
		0F31D8F522B7DE26009D305A /* Cocoa.framework */ = {isa = PBXFileReference; lastKnownFileType = wrapper.framework; name = Cocoa.framework; path = System/Library/Frameworks/Cocoa.framework; sourceTree = SDKROOT; };
		0F31D8F822B7DE26009D305A /* SafariExtensionHandler.swift */ = {isa = PBXFileReference; lastKnownFileType = sourcecode.swift; path = SafariExtensionHandler.swift; sourceTree = "<group>"; };
		0F31D8FA22B7DE26009D305A /* SafariExtensionViewController.swift */ = {isa = PBXFileReference; lastKnownFileType = sourcecode.swift; path = SafariExtensionViewController.swift; sourceTree = "<group>"; };
		0F31D8FD22B7DE26009D305A /* Base */ = {isa = PBXFileReference; lastKnownFileType = file.xib; name = Base; path = Base.lproj/SafariExtensionViewController.xib; sourceTree = "<group>"; };
		0F31D8FF22B7DE26009D305A /* Info.plist */ = {isa = PBXFileReference; lastKnownFileType = text.plist.xml; path = Info.plist; sourceTree = "<group>"; };
		0F31D90022B7DE26009D305A /* script.js */ = {isa = PBXFileReference; lastKnownFileType = sourcecode.javascript; path = script.js; sourceTree = "<group>"; };
		0F31D90222B7DE26009D305A /* ToolbarItemIcon.pdf */ = {isa = PBXFileReference; lastKnownFileType = image.pdf; path = ToolbarItemIcon.pdf; sourceTree = "<group>"; };
		0F31D90422B7DE26009D305A /* Phage_Injector.entitlements */ = {isa = PBXFileReference; lastKnownFileType = text.plist.entitlements; path = Phage_Injector.entitlements; sourceTree = "<group>"; };
		0FA5315A22B7D33000715AB8 /* Phage.app */ = {isa = PBXFileReference; explicitFileType = wrapper.application; includeInIndex = 0; path = Phage.app; sourceTree = BUILT_PRODUCTS_DIR; };
		0FA5315D22B7D33000715AB8 /* AppDelegate.swift */ = {isa = PBXFileReference; lastKnownFileType = sourcecode.swift; path = AppDelegate.swift; sourceTree = "<group>"; };
		0FA5315F22B7D33000715AB8 /* ContentView.swift */ = {isa = PBXFileReference; lastKnownFileType = sourcecode.swift; path = ContentView.swift; sourceTree = "<group>"; };
		0FA5316122B7D33100715AB8 /* Assets.xcassets */ = {isa = PBXFileReference; lastKnownFileType = folder.assetcatalog; path = Assets.xcassets; sourceTree = "<group>"; };
		0FA5316422B7D33100715AB8 /* Preview Assets.xcassets */ = {isa = PBXFileReference; lastKnownFileType = folder.assetcatalog; path = "Preview Assets.xcassets"; sourceTree = "<group>"; };
		0FA5316722B7D33100715AB8 /* Base */ = {isa = PBXFileReference; lastKnownFileType = file.storyboard; name = Base; path = Base.lproj/Main.storyboard; sourceTree = "<group>"; };
		0FA5316922B7D33200715AB8 /* Info.plist */ = {isa = PBXFileReference; lastKnownFileType = text.plist.xml; path = Info.plist; sourceTree = "<group>"; };
		0FA5316A22B7D33200715AB8 /* Phage.entitlements */ = {isa = PBXFileReference; lastKnownFileType = text.plist.entitlements; path = Phage.entitlements; sourceTree = "<group>"; };
		0FA5316F22B7D33200715AB8 /* PhageTests.xctest */ = {isa = PBXFileReference; explicitFileType = wrapper.cfbundle; includeInIndex = 0; path = PhageTests.xctest; sourceTree = BUILT_PRODUCTS_DIR; };
		0FA5317322B7D33200715AB8 /* PhageTests.swift */ = {isa = PBXFileReference; lastKnownFileType = sourcecode.swift; path = PhageTests.swift; sourceTree = "<group>"; };
		0FA5317522B7D33200715AB8 /* Info.plist */ = {isa = PBXFileReference; lastKnownFileType = text.plist.xml; path = Info.plist; sourceTree = "<group>"; };
		0FA5317A22B7D33200715AB8 /* PhageUITests.xctest */ = {isa = PBXFileReference; explicitFileType = wrapper.cfbundle; includeInIndex = 0; path = PhageUITests.xctest; sourceTree = BUILT_PRODUCTS_DIR; };
		0FA5317E22B7D33200715AB8 /* PhageUITests.swift */ = {isa = PBXFileReference; lastKnownFileType = sourcecode.swift; path = PhageUITests.swift; sourceTree = "<group>"; };
		0FA5318022B7D33200715AB8 /* Info.plist */ = {isa = PBXFileReference; lastKnownFileType = text.plist.xml; path = Info.plist; sourceTree = "<group>"; };
		0FDFB3CC22B7EA8200213CC7 /* PhageCore.framework */ = {isa = PBXFileReference; explicitFileType = wrapper.framework; includeInIndex = 0; path = PhageCore.framework; sourceTree = BUILT_PRODUCTS_DIR; };
		0FDFB3CF22B7EA8200213CC7 /* Info.plist */ = {isa = PBXFileReference; lastKnownFileType = text.plist.xml; path = Info.plist; sourceTree = "<group>"; };
		0FDFB3D422B7EA8200213CC7 /* PhageCoreTests.xctest */ = {isa = PBXFileReference; explicitFileType = wrapper.cfbundle; includeInIndex = 0; path = PhageCoreTests.xctest; sourceTree = BUILT_PRODUCTS_DIR; };
		0FDFB3DB22B7EA8200213CC7 /* PhageCoreTests.swift */ = {isa = PBXFileReference; lastKnownFileType = sourcecode.swift; path = PhageCoreTests.swift; sourceTree = "<group>"; };
		0FDFB3DD22B7EA8200213CC7 /* Info.plist */ = {isa = PBXFileReference; lastKnownFileType = text.plist.xml; path = Info.plist; sourceTree = "<group>"; };
		0FDFB3EF22B7EAF700213CC7 /* PhageData.swift */ = {isa = PBXFileReference; lastKnownFileType = sourcecode.swift; path = PhageData.swift; sourceTree = "<group>"; };
		0FDFB3F322B8A10900213CC7 /* PhageDataBundle.swift */ = {isa = PBXFileReference; lastKnownFileType = sourcecode.swift; path = PhageDataBundle.swift; sourceTree = "<group>"; };
		0FDFB3F522B93C7E00213CC7 /* PhageDataFile.swift */ = {isa = PBXFileReference; lastKnownFileType = sourcecode.swift; path = PhageDataFile.swift; sourceTree = "<group>"; };
		0FFB95BD22C2291D008D2FAE /* PhageDependencies.swift */ = {isa = PBXFileReference; lastKnownFileType = sourcecode.swift; path = PhageDependencies.swift; sourceTree = "<group>"; };
/* End PBXFileReference section */

/* Begin PBXFrameworksBuildPhase section */
		0F31D8F022B7DE26009D305A /* Frameworks */ = {
			isa = PBXFrameworksBuildPhase;
			buildActionMask = 2147483647;
			files = (
				0F31D8F622B7DE26009D305A /* Cocoa.framework in Frameworks */,
				0FDFB3EA22B7EA9200213CC7 /* PhageCore.framework in Frameworks */,
			);
			runOnlyForDeploymentPostprocessing = 0;
		};
		0FA5315722B7D33000715AB8 /* Frameworks */ = {
			isa = PBXFrameworksBuildPhase;
			buildActionMask = 2147483647;
			files = (
				0FDFB3E122B7EA8200213CC7 /* PhageCore.framework in Frameworks */,
			);
			runOnlyForDeploymentPostprocessing = 0;
		};
		0FA5316C22B7D33200715AB8 /* Frameworks */ = {
			isa = PBXFrameworksBuildPhase;
			buildActionMask = 2147483647;
			files = (
			);
			runOnlyForDeploymentPostprocessing = 0;
		};
		0FA5317722B7D33200715AB8 /* Frameworks */ = {
			isa = PBXFrameworksBuildPhase;
			buildActionMask = 2147483647;
			files = (
			);
			runOnlyForDeploymentPostprocessing = 0;
		};
		0FDFB3C922B7EA8200213CC7 /* Frameworks */ = {
			isa = PBXFrameworksBuildPhase;
			buildActionMask = 2147483647;
			files = (
			);
			runOnlyForDeploymentPostprocessing = 0;
		};
		0FDFB3D122B7EA8200213CC7 /* Frameworks */ = {
			isa = PBXFrameworksBuildPhase;
			buildActionMask = 2147483647;
			files = (
				0FDFB3D522B7EA8200213CC7 /* PhageCore.framework in Frameworks */,
			);
			runOnlyForDeploymentPostprocessing = 0;
		};
/* End PBXFrameworksBuildPhase section */

/* Begin PBXGroup section */
		0F31D8F422B7DE26009D305A /* Frameworks */ = {
			isa = PBXGroup;
			children = (
				0F31D8F522B7DE26009D305A /* Cocoa.framework */,
			);
			name = Frameworks;
			sourceTree = "<group>";
		};
		0F31D8F722B7DE26009D305A /* Phage Injector */ = {
			isa = PBXGroup;
			children = (
				0F31D8F822B7DE26009D305A /* SafariExtensionHandler.swift */,
				0F31D8FA22B7DE26009D305A /* SafariExtensionViewController.swift */,
				0F31D8FC22B7DE26009D305A /* SafariExtensionViewController.xib */,
				0F31D8FF22B7DE26009D305A /* Info.plist */,
				0F31D90022B7DE26009D305A /* script.js */,
				0F31D90222B7DE26009D305A /* ToolbarItemIcon.pdf */,
				0F31D90422B7DE26009D305A /* Phage_Injector.entitlements */,
			);
			path = "Phage Injector";
			sourceTree = "<group>";
		};
		0FA5315122B7D33000715AB8 = {
			isa = PBXGroup;
			children = (
				0FA5315C22B7D33000715AB8 /* Phage */,
				0F31D8F722B7DE26009D305A /* Phage Injector */,
				0FDFB3CD22B7EA8200213CC7 /* PhageCore */,
				0FA5317222B7D33200715AB8 /* PhageTests */,
				0FA5317D22B7D33200715AB8 /* PhageUITests */,
				0FDFB3DA22B7EA8200213CC7 /* PhageCoreTests */,
				0F31D8F422B7DE26009D305A /* Frameworks */,
				0FA5315B22B7D33000715AB8 /* Products */,
			);
			sourceTree = "<group>";
		};
		0FA5315B22B7D33000715AB8 /* Products */ = {
			isa = PBXGroup;
			children = (
				0FA5315A22B7D33000715AB8 /* Phage.app */,
				0FA5316F22B7D33200715AB8 /* PhageTests.xctest */,
				0FA5317A22B7D33200715AB8 /* PhageUITests.xctest */,
				0F31D8F322B7DE26009D305A /* Phage Injector.appex */,
				0FDFB3CC22B7EA8200213CC7 /* PhageCore.framework */,
				0FDFB3D422B7EA8200213CC7 /* PhageCoreTests.xctest */,
			);
			name = Products;
			sourceTree = "<group>";
		};
		0FA5315C22B7D33000715AB8 /* Phage */ = {
			isa = PBXGroup;
			children = (
				0FA5315D22B7D33000715AB8 /* AppDelegate.swift */,
				0FA5315F22B7D33000715AB8 /* ContentView.swift */,
				0FA5316122B7D33100715AB8 /* Assets.xcassets */,
				0FA5316622B7D33100715AB8 /* Main.storyboard */,
				0FA5316922B7D33200715AB8 /* Info.plist */,
				0FA5316A22B7D33200715AB8 /* Phage.entitlements */,
				0FA5316322B7D33100715AB8 /* Preview Content */,
			);
			path = Phage;
			sourceTree = "<group>";
		};
		0FA5316322B7D33100715AB8 /* Preview Content */ = {
			isa = PBXGroup;
			children = (
				0FA5316422B7D33100715AB8 /* Preview Assets.xcassets */,
			);
			path = "Preview Content";
			sourceTree = "<group>";
		};
		0FA5317222B7D33200715AB8 /* PhageTests */ = {
			isa = PBXGroup;
			children = (
				0FA5317322B7D33200715AB8 /* PhageTests.swift */,
				0FA5317522B7D33200715AB8 /* Info.plist */,
			);
			path = PhageTests;
			sourceTree = "<group>";
		};
		0FA5317D22B7D33200715AB8 /* PhageUITests */ = {
			isa = PBXGroup;
			children = (
				0FA5317E22B7D33200715AB8 /* PhageUITests.swift */,
				0FA5318022B7D33200715AB8 /* Info.plist */,
			);
			path = PhageUITests;
			sourceTree = "<group>";
		};
		0FDFB3CD22B7EA8200213CC7 /* PhageCore */ = {
			isa = PBXGroup;
			children = (
				0FDFB3CF22B7EA8200213CC7 /* Info.plist */,
				0FDFB3EF22B7EAF700213CC7 /* PhageData.swift */,
				0FDFB3F322B8A10900213CC7 /* PhageDataBundle.swift */,
				0FDFB3F522B93C7E00213CC7 /* PhageDataFile.swift */,
				0FFB95BD22C2291D008D2FAE /* PhageDependencies.swift */,
			);
			path = PhageCore;
			sourceTree = "<group>";
		};
		0FDFB3DA22B7EA8200213CC7 /* PhageCoreTests */ = {
			isa = PBXGroup;
			children = (
				0FDFB3DB22B7EA8200213CC7 /* PhageCoreTests.swift */,
				0FDFB3DD22B7EA8200213CC7 /* Info.plist */,
			);
			path = PhageCoreTests;
			sourceTree = "<group>";
		};
/* End PBXGroup section */

/* Begin PBXHeadersBuildPhase section */
		0FDFB3C722B7EA8200213CC7 /* Headers */ = {
			isa = PBXHeadersBuildPhase;
			buildActionMask = 2147483647;
			files = (
			);
			runOnlyForDeploymentPostprocessing = 0;
		};
/* End PBXHeadersBuildPhase section */

/* Begin PBXNativeTarget section */
		0F31D8F222B7DE26009D305A /* Phage Injector */ = {
			isa = PBXNativeTarget;
			buildConfigurationList = 0F31D90B22B7DE26009D305A /* Build configuration list for PBXNativeTarget "Phage Injector" */;
			buildPhases = (
				0F31D8EF22B7DE26009D305A /* Sources */,
				0F31D8F022B7DE26009D305A /* Frameworks */,
				0F31D8F122B7DE26009D305A /* Resources */,
				0FDFB3EE22B7EA9200213CC7 /* Embed Frameworks */,
			);
			buildRules = (
			);
			dependencies = (
				0FDFB3ED22B7EA9200213CC7 /* PBXTargetDependency */,
			);
			name = "Phage Injector";
			productName = "Phage Injector";
			productReference = 0F31D8F322B7DE26009D305A /* Phage Injector.appex */;
			productType = "com.apple.product-type.app-extension";
		};
		0FA5315922B7D33000715AB8 /* Phage */ = {
			isa = PBXNativeTarget;
			buildConfigurationList = 0FA5318322B7D33200715AB8 /* Build configuration list for PBXNativeTarget "Phage" */;
			buildPhases = (
				0FA5315622B7D33000715AB8 /* Sources */,
				0FA5315722B7D33000715AB8 /* Frameworks */,
				0FA5315822B7D33000715AB8 /* Resources */,
				0F31D90822B7DE26009D305A /* Embed App Extensions */,
				0FDFB3E622B7EA8200213CC7 /* Embed Frameworks */,
			);
			buildRules = (
			);
			dependencies = (
				0F31D90622B7DE26009D305A /* PBXTargetDependency */,
				0FDFB3E022B7EA8200213CC7 /* PBXTargetDependency */,
			);
			name = Phage;
			productName = Phage;
			productReference = 0FA5315A22B7D33000715AB8 /* Phage.app */;
			productType = "com.apple.product-type.application";
		};
		0FA5316E22B7D33200715AB8 /* PhageTests */ = {
			isa = PBXNativeTarget;
			buildConfigurationList = 0FA5318622B7D33200715AB8 /* Build configuration list for PBXNativeTarget "PhageTests" */;
			buildPhases = (
				0FA5316B22B7D33200715AB8 /* Sources */,
				0FA5316C22B7D33200715AB8 /* Frameworks */,
				0FA5316D22B7D33200715AB8 /* Resources */,
			);
			buildRules = (
			);
			dependencies = (
				0FA5317122B7D33200715AB8 /* PBXTargetDependency */,
			);
			name = PhageTests;
			productName = PhageTests;
			productReference = 0FA5316F22B7D33200715AB8 /* PhageTests.xctest */;
			productType = "com.apple.product-type.bundle.unit-test";
		};
		0FA5317922B7D33200715AB8 /* PhageUITests */ = {
			isa = PBXNativeTarget;
			buildConfigurationList = 0FA5318922B7D33200715AB8 /* Build configuration list for PBXNativeTarget "PhageUITests" */;
			buildPhases = (
				0FA5317622B7D33200715AB8 /* Sources */,
				0FA5317722B7D33200715AB8 /* Frameworks */,
				0FA5317822B7D33200715AB8 /* Resources */,
			);
			buildRules = (
			);
			dependencies = (
				0FA5317C22B7D33200715AB8 /* PBXTargetDependency */,
			);
			name = PhageUITests;
			productName = PhageUITests;
			productReference = 0FA5317A22B7D33200715AB8 /* PhageUITests.xctest */;
			productType = "com.apple.product-type.bundle.ui-testing";
		};
		0FDFB3CB22B7EA8200213CC7 /* PhageCore */ = {
			isa = PBXNativeTarget;
			buildConfigurationList = 0FDFB3E322B7EA8200213CC7 /* Build configuration list for PBXNativeTarget "PhageCore" */;
			buildPhases = (
				0FDFB3C722B7EA8200213CC7 /* Headers */,
				0FDFB3C822B7EA8200213CC7 /* Sources */,
				0FDFB3C922B7EA8200213CC7 /* Frameworks */,
				0FDFB3CA22B7EA8200213CC7 /* Resources */,
			);
			buildRules = (
			);
			dependencies = (
			);
			name = PhageCore;
			productName = PhageCore;
			productReference = 0FDFB3CC22B7EA8200213CC7 /* PhageCore.framework */;
			productType = "com.apple.product-type.framework";
		};
		0FDFB3D322B7EA8200213CC7 /* PhageCoreTests */ = {
			isa = PBXNativeTarget;
			buildConfigurationList = 0FDFB3E722B7EA8200213CC7 /* Build configuration list for PBXNativeTarget "PhageCoreTests" */;
			buildPhases = (
				0FDFB3D022B7EA8200213CC7 /* Sources */,
				0FDFB3D122B7EA8200213CC7 /* Frameworks */,
				0FDFB3D222B7EA8200213CC7 /* Resources */,
			);
			buildRules = (
			);
			dependencies = (
				0FDFB3D722B7EA8200213CC7 /* PBXTargetDependency */,
				0FDFB3D922B7EA8200213CC7 /* PBXTargetDependency */,
			);
			name = PhageCoreTests;
			productName = PhageCoreTests;
			productReference = 0FDFB3D422B7EA8200213CC7 /* PhageCoreTests.xctest */;
			productType = "com.apple.product-type.bundle.unit-test";
		};
/* End PBXNativeTarget section */

/* Begin PBXProject section */
		0FA5315222B7D33000715AB8 /* Project object */ = {
			isa = PBXProject;
			attributes = {
				LastSwiftUpdateCheck = 1100;
				LastUpgradeCheck = 1100;
				ORGANIZATIONNAME = cpsdqs;
				TargetAttributes = {
					0F31D8F222B7DE26009D305A = {
						CreatedOnToolsVersion = 11.0;
					};
					0FA5315922B7D33000715AB8 = {
						CreatedOnToolsVersion = 11.0;
					};
					0FA5316E22B7D33200715AB8 = {
						CreatedOnToolsVersion = 11.0;
						TestTargetID = 0FA5315922B7D33000715AB8;
					};
					0FA5317922B7D33200715AB8 = {
						CreatedOnToolsVersion = 11.0;
						TestTargetID = 0FA5315922B7D33000715AB8;
					};
					0FDFB3CB22B7EA8200213CC7 = {
						CreatedOnToolsVersion = 11.0;
						LastSwiftMigration = 1100;
					};
					0FDFB3D322B7EA8200213CC7 = {
						CreatedOnToolsVersion = 11.0;
					};
				};
			};
			buildConfigurationList = 0FA5315522B7D33000715AB8 /* Build configuration list for PBXProject "Phage" */;
			compatibilityVersion = "Xcode 9.3";
			developmentRegion = en;
			hasScannedForEncodings = 0;
			knownRegions = (
				en,
				Base,
			);
			mainGroup = 0FA5315122B7D33000715AB8;
			productRefGroup = 0FA5315B22B7D33000715AB8 /* Products */;
			projectDirPath = "";
			projectRoot = "";
			targets = (
				0FA5315922B7D33000715AB8 /* Phage */,
				0F31D8F222B7DE26009D305A /* Phage Injector */,
				0FA5316E22B7D33200715AB8 /* PhageTests */,
				0FA5317922B7D33200715AB8 /* PhageUITests */,
				0FDFB3CB22B7EA8200213CC7 /* PhageCore */,
				0FDFB3D322B7EA8200213CC7 /* PhageCoreTests */,
			);
		};
/* End PBXProject section */

/* Begin PBXResourcesBuildPhase section */
		0F31D8F122B7DE26009D305A /* Resources */ = {
			isa = PBXResourcesBuildPhase;
			buildActionMask = 2147483647;
			files = (
				0F31D90322B7DE26009D305A /* ToolbarItemIcon.pdf in Resources */,
				0F31D8FE22B7DE26009D305A /* SafariExtensionViewController.xib in Resources */,
				0F31D90122B7DE26009D305A /* script.js in Resources */,
			);
			runOnlyForDeploymentPostprocessing = 0;
		};
		0FA5315822B7D33000715AB8 /* Resources */ = {
			isa = PBXResourcesBuildPhase;
			buildActionMask = 2147483647;
			files = (
				0FA5316822B7D33100715AB8 /* Main.storyboard in Resources */,
				0FA5316522B7D33100715AB8 /* Preview Assets.xcassets in Resources */,
				0FA5316222B7D33100715AB8 /* Assets.xcassets in Resources */,
			);
			runOnlyForDeploymentPostprocessing = 0;
		};
		0FA5316D22B7D33200715AB8 /* Resources */ = {
			isa = PBXResourcesBuildPhase;
			buildActionMask = 2147483647;
			files = (
			);
			runOnlyForDeploymentPostprocessing = 0;
		};
		0FA5317822B7D33200715AB8 /* Resources */ = {
			isa = PBXResourcesBuildPhase;
			buildActionMask = 2147483647;
			files = (
			);
			runOnlyForDeploymentPostprocessing = 0;
		};
		0FDFB3CA22B7EA8200213CC7 /* Resources */ = {
			isa = PBXResourcesBuildPhase;
			buildActionMask = 2147483647;
			files = (
			);
			runOnlyForDeploymentPostprocessing = 0;
		};
		0FDFB3D222B7EA8200213CC7 /* Resources */ = {
			isa = PBXResourcesBuildPhase;
			buildActionMask = 2147483647;
			files = (
			);
			runOnlyForDeploymentPostprocessing = 0;
		};
/* End PBXResourcesBuildPhase section */

/* Begin PBXSourcesBuildPhase section */
		0F31D8EF22B7DE26009D305A /* Sources */ = {
			isa = PBXSourcesBuildPhase;
			buildActionMask = 2147483647;
			files = (
				0F31D8FB22B7DE26009D305A /* SafariExtensionViewController.swift in Sources */,
				0F31D8F922B7DE26009D305A /* SafariExtensionHandler.swift in Sources */,
			);
			runOnlyForDeploymentPostprocessing = 0;
		};
		0FA5315622B7D33000715AB8 /* Sources */ = {
			isa = PBXSourcesBuildPhase;
			buildActionMask = 2147483647;
			files = (
				0FA5316022B7D33000715AB8 /* ContentView.swift in Sources */,
				0FA5315E22B7D33000715AB8 /* AppDelegate.swift in Sources */,
			);
			runOnlyForDeploymentPostprocessing = 0;
		};
		0FA5316B22B7D33200715AB8 /* Sources */ = {
			isa = PBXSourcesBuildPhase;
			buildActionMask = 2147483647;
			files = (
				0FA5317422B7D33200715AB8 /* PhageTests.swift in Sources */,
			);
			runOnlyForDeploymentPostprocessing = 0;
		};
		0FA5317622B7D33200715AB8 /* Sources */ = {
			isa = PBXSourcesBuildPhase;
			buildActionMask = 2147483647;
			files = (
				0FA5317F22B7D33200715AB8 /* PhageUITests.swift in Sources */,
			);
			runOnlyForDeploymentPostprocessing = 0;
		};
		0FDFB3C822B7EA8200213CC7 /* Sources */ = {
			isa = PBXSourcesBuildPhase;
			buildActionMask = 2147483647;
			files = (
				0FDFB3F022B7EAF700213CC7 /* PhageData.swift in Sources */,
				0FDFB3F622B93C7E00213CC7 /* PhageDataFile.swift in Sources */,
				0FFB95BE22C2291D008D2FAE /* PhageDependencies.swift in Sources */,
				0FDFB3F422B8A10900213CC7 /* PhageDataBundle.swift in Sources */,
			);
			runOnlyForDeploymentPostprocessing = 0;
		};
		0FDFB3D022B7EA8200213CC7 /* Sources */ = {
			isa = PBXSourcesBuildPhase;
			buildActionMask = 2147483647;
			files = (
				0FDFB3DC22B7EA8200213CC7 /* PhageCoreTests.swift in Sources */,
			);
			runOnlyForDeploymentPostprocessing = 0;
		};
/* End PBXSourcesBuildPhase section */

/* Begin PBXTargetDependency section */
		0F31D90622B7DE26009D305A /* PBXTargetDependency */ = {
			isa = PBXTargetDependency;
			target = 0F31D8F222B7DE26009D305A /* Phage Injector */;
			targetProxy = 0F31D90522B7DE26009D305A /* PBXContainerItemProxy */;
		};
		0FA5317122B7D33200715AB8 /* PBXTargetDependency */ = {
			isa = PBXTargetDependency;
			target = 0FA5315922B7D33000715AB8 /* Phage */;
			targetProxy = 0FA5317022B7D33200715AB8 /* PBXContainerItemProxy */;
		};
		0FA5317C22B7D33200715AB8 /* PBXTargetDependency */ = {
			isa = PBXTargetDependency;
			target = 0FA5315922B7D33000715AB8 /* Phage */;
			targetProxy = 0FA5317B22B7D33200715AB8 /* PBXContainerItemProxy */;
		};
		0FDFB3D722B7EA8200213CC7 /* PBXTargetDependency */ = {
			isa = PBXTargetDependency;
			target = 0FDFB3CB22B7EA8200213CC7 /* PhageCore */;
			targetProxy = 0FDFB3D622B7EA8200213CC7 /* PBXContainerItemProxy */;
		};
		0FDFB3D922B7EA8200213CC7 /* PBXTargetDependency */ = {
			isa = PBXTargetDependency;
			target = 0FA5315922B7D33000715AB8 /* Phage */;
			targetProxy = 0FDFB3D822B7EA8200213CC7 /* PBXContainerItemProxy */;
		};
		0FDFB3E022B7EA8200213CC7 /* PBXTargetDependency */ = {
			isa = PBXTargetDependency;
			target = 0FDFB3CB22B7EA8200213CC7 /* PhageCore */;
			targetProxy = 0FDFB3DF22B7EA8200213CC7 /* PBXContainerItemProxy */;
		};
		0FDFB3ED22B7EA9200213CC7 /* PBXTargetDependency */ = {
			isa = PBXTargetDependency;
			target = 0FDFB3CB22B7EA8200213CC7 /* PhageCore */;
			targetProxy = 0FDFB3EC22B7EA9200213CC7 /* PBXContainerItemProxy */;
		};
/* End PBXTargetDependency section */

/* Begin PBXVariantGroup section */
		0F31D8FC22B7DE26009D305A /* SafariExtensionViewController.xib */ = {
			isa = PBXVariantGroup;
			children = (
				0F31D8FD22B7DE26009D305A /* Base */,
			);
			name = SafariExtensionViewController.xib;
			sourceTree = "<group>";
		};
		0FA5316622B7D33100715AB8 /* Main.storyboard */ = {
			isa = PBXVariantGroup;
			children = (
				0FA5316722B7D33100715AB8 /* Base */,
			);
			name = Main.storyboard;
			sourceTree = "<group>";
		};
/* End PBXVariantGroup section */

/* Begin XCBuildConfiguration section */
		0F31D90922B7DE26009D305A /* Debug */ = {
			isa = XCBuildConfiguration;
			buildSettings = {
				CODE_SIGN_ENTITLEMENTS = "Phage Injector/Phage_Injector.entitlements";
				CODE_SIGN_STYLE = Automatic;
				DEVELOPMENT_TEAM = S2DETNM9XB;
				ENABLE_HARDENED_RUNTIME = YES;
				INFOPLIST_FILE = "Phage Injector/Info.plist";
				LD_RUNPATH_SEARCH_PATHS = (
					"$(inherited)",
					"@executable_path/../Frameworks",
					"@executable_path/../../../../Frameworks",
				);
				PRODUCT_BUNDLE_IDENTIFIER = "net.cloudwithlightning.Phage.Phage-Injector";
				PRODUCT_NAME = "$(TARGET_NAME)";
				SKIP_INSTALL = YES;
				SWIFT_VERSION = 5.0;
			};
			name = Debug;
		};
		0F31D90A22B7DE26009D305A /* Release */ = {
			isa = XCBuildConfiguration;
			buildSettings = {
				CODE_SIGN_ENTITLEMENTS = "Phage Injector/Phage_Injector.entitlements";
				CODE_SIGN_STYLE = Automatic;
				DEVELOPMENT_TEAM = S2DETNM9XB;
				ENABLE_HARDENED_RUNTIME = YES;
				INFOPLIST_FILE = "Phage Injector/Info.plist";
				LD_RUNPATH_SEARCH_PATHS = (
					"$(inherited)",
					"@executable_path/../Frameworks",
					"@executable_path/../../../../Frameworks",
				);
				PRODUCT_BUNDLE_IDENTIFIER = "net.cloudwithlightning.Phage.Phage-Injector";
				PRODUCT_NAME = "$(TARGET_NAME)";
				SKIP_INSTALL = YES;
				SWIFT_VERSION = 5.0;
			};
			name = Release;
		};
		0FA5318122B7D33200715AB8 /* Debug */ = {
			isa = XCBuildConfiguration;
			buildSettings = {
				ALWAYS_SEARCH_USER_PATHS = NO;
				CLANG_ANALYZER_NONNULL = YES;
				CLANG_ANALYZER_NUMBER_OBJECT_CONVERSION = YES_AGGRESSIVE;
				CLANG_CXX_LANGUAGE_STANDARD = "gnu++14";
				CLANG_CXX_LIBRARY = "libc++";
				CLANG_ENABLE_MODULES = YES;
				CLANG_ENABLE_OBJC_ARC = YES;
				CLANG_ENABLE_OBJC_WEAK = YES;
				CLANG_WARN_BLOCK_CAPTURE_AUTORELEASING = YES;
				CLANG_WARN_BOOL_CONVERSION = YES;
				CLANG_WARN_COMMA = YES;
				CLANG_WARN_CONSTANT_CONVERSION = YES;
				CLANG_WARN_DEPRECATED_OBJC_IMPLEMENTATIONS = YES;
				CLANG_WARN_DIRECT_OBJC_ISA_USAGE = YES_ERROR;
				CLANG_WARN_DOCUMENTATION_COMMENTS = YES;
				CLANG_WARN_EMPTY_BODY = YES;
				CLANG_WARN_ENUM_CONVERSION = YES;
				CLANG_WARN_INFINITE_RECURSION = YES;
				CLANG_WARN_INT_CONVERSION = YES;
				CLANG_WARN_NON_LITERAL_NULL_CONVERSION = YES;
				CLANG_WARN_OBJC_IMPLICIT_RETAIN_SELF = YES;
				CLANG_WARN_OBJC_LITERAL_CONVERSION = YES;
				CLANG_WARN_OBJC_ROOT_CLASS = YES_ERROR;
				CLANG_WARN_RANGE_LOOP_ANALYSIS = YES;
				CLANG_WARN_STRICT_PROTOTYPES = YES;
				CLANG_WARN_SUSPICIOUS_MOVE = YES;
				CLANG_WARN_UNGUARDED_AVAILABILITY = YES_AGGRESSIVE;
				CLANG_WARN_UNREACHABLE_CODE = YES;
				CLANG_WARN__DUPLICATE_METHOD_MATCH = YES;
				COPY_PHASE_STRIP = NO;
				DEBUG_INFORMATION_FORMAT = dwarf;
				ENABLE_STRICT_OBJC_MSGSEND = YES;
				ENABLE_TESTABILITY = YES;
				GCC_C_LANGUAGE_STANDARD = gnu11;
				GCC_DYNAMIC_NO_PIC = NO;
				GCC_NO_COMMON_BLOCKS = YES;
				GCC_OPTIMIZATION_LEVEL = 0;
				GCC_PREPROCESSOR_DEFINITIONS = (
					"DEBUG=1",
					"$(inherited)",
				);
				GCC_WARN_64_TO_32_BIT_CONVERSION = YES;
				GCC_WARN_ABOUT_RETURN_TYPE = YES_ERROR;
				GCC_WARN_UNDECLARED_SELECTOR = YES;
				GCC_WARN_UNINITIALIZED_AUTOS = YES_AGGRESSIVE;
				GCC_WARN_UNUSED_FUNCTION = YES;
				GCC_WARN_UNUSED_VARIABLE = YES;
				MACOSX_DEPLOYMENT_TARGET = 10.15;
				MTL_ENABLE_DEBUG_INFO = INCLUDE_SOURCE;
				MTL_FAST_MATH = YES;
				ONLY_ACTIVE_ARCH = YES;
				SDKROOT = macosx;
				SWIFT_ACTIVE_COMPILATION_CONDITIONS = DEBUG;
				SWIFT_OPTIMIZATION_LEVEL = "-Onone";
			};
			name = Debug;
		};
		0FA5318222B7D33200715AB8 /* Release */ = {
			isa = XCBuildConfiguration;
			buildSettings = {
				ALWAYS_SEARCH_USER_PATHS = NO;
				CLANG_ANALYZER_NONNULL = YES;
				CLANG_ANALYZER_NUMBER_OBJECT_CONVERSION = YES_AGGRESSIVE;
				CLANG_CXX_LANGUAGE_STANDARD = "gnu++14";
				CLANG_CXX_LIBRARY = "libc++";
				CLANG_ENABLE_MODULES = YES;
				CLANG_ENABLE_OBJC_ARC = YES;
				CLANG_ENABLE_OBJC_WEAK = YES;
				CLANG_WARN_BLOCK_CAPTURE_AUTORELEASING = YES;
				CLANG_WARN_BOOL_CONVERSION = YES;
				CLANG_WARN_COMMA = YES;
				CLANG_WARN_CONSTANT_CONVERSION = YES;
				CLANG_WARN_DEPRECATED_OBJC_IMPLEMENTATIONS = YES;
				CLANG_WARN_DIRECT_OBJC_ISA_USAGE = YES_ERROR;
				CLANG_WARN_DOCUMENTATION_COMMENTS = YES;
				CLANG_WARN_EMPTY_BODY = YES;
				CLANG_WARN_ENUM_CONVERSION = YES;
				CLANG_WARN_INFINITE_RECURSION = YES;
				CLANG_WARN_INT_CONVERSION = YES;
				CLANG_WARN_NON_LITERAL_NULL_CONVERSION = YES;
				CLANG_WARN_OBJC_IMPLICIT_RETAIN_SELF = YES;
				CLANG_WARN_OBJC_LITERAL_CONVERSION = YES;
				CLANG_WARN_OBJC_ROOT_CLASS = YES_ERROR;
				CLANG_WARN_RANGE_LOOP_ANALYSIS = YES;
				CLANG_WARN_STRICT_PROTOTYPES = YES;
				CLANG_WARN_SUSPICIOUS_MOVE = YES;
				CLANG_WARN_UNGUARDED_AVAILABILITY = YES_AGGRESSIVE;
				CLANG_WARN_UNREACHABLE_CODE = YES;
				CLANG_WARN__DUPLICATE_METHOD_MATCH = YES;
				COPY_PHASE_STRIP = NO;
				DEBUG_INFORMATION_FORMAT = "dwarf-with-dsym";
				ENABLE_NS_ASSERTIONS = NO;
				ENABLE_STRICT_OBJC_MSGSEND = YES;
				GCC_C_LANGUAGE_STANDARD = gnu11;
				GCC_NO_COMMON_BLOCKS = YES;
				GCC_WARN_64_TO_32_BIT_CONVERSION = YES;
				GCC_WARN_ABOUT_RETURN_TYPE = YES_ERROR;
				GCC_WARN_UNDECLARED_SELECTOR = YES;
				GCC_WARN_UNINITIALIZED_AUTOS = YES_AGGRESSIVE;
				GCC_WARN_UNUSED_FUNCTION = YES;
				GCC_WARN_UNUSED_VARIABLE = YES;
				MACOSX_DEPLOYMENT_TARGET = 10.15;
				MTL_ENABLE_DEBUG_INFO = NO;
				MTL_FAST_MATH = YES;
				SDKROOT = macosx;
				SWIFT_COMPILATION_MODE = wholemodule;
				SWIFT_OPTIMIZATION_LEVEL = "-O";
			};
			name = Release;
		};
		0FA5318422B7D33200715AB8 /* Debug */ = {
			isa = XCBuildConfiguration;
			buildSettings = {
				ALWAYS_EMBED_SWIFT_STANDARD_LIBRARIES = YES;
				ASSETCATALOG_COMPILER_APPICON_NAME = AppIcon;
				CODE_SIGN_ENTITLEMENTS = Phage/Phage.entitlements;
				CODE_SIGN_STYLE = Automatic;
				COMBINE_HIDPI_IMAGES = YES;
				DEVELOPMENT_ASSET_PATHS = "Phage/Preview\\ Content";
				DEVELOPMENT_TEAM = S2DETNM9XB;
				ENABLE_HARDENED_RUNTIME = YES;
				ENABLE_PREVIEWS = YES;
				INFOPLIST_FILE = Phage/Info.plist;
				LD_RUNPATH_SEARCH_PATHS = (
					"$(inherited)",
					"@executable_path/../Frameworks",
				);
				PRODUCT_BUNDLE_IDENTIFIER = net.cloudwithlightning.Phage;
				PRODUCT_NAME = "$(TARGET_NAME)";
				SWIFT_VERSION = 5.0;
			};
			name = Debug;
		};
		0FA5318522B7D33200715AB8 /* Release */ = {
			isa = XCBuildConfiguration;
			buildSettings = {
				ALWAYS_EMBED_SWIFT_STANDARD_LIBRARIES = YES;
				ASSETCATALOG_COMPILER_APPICON_NAME = AppIcon;
				CODE_SIGN_ENTITLEMENTS = Phage/Phage.entitlements;
				CODE_SIGN_STYLE = Automatic;
				COMBINE_HIDPI_IMAGES = YES;
				DEVELOPMENT_ASSET_PATHS = "Phage/Preview\\ Content";
				DEVELOPMENT_TEAM = S2DETNM9XB;
				ENABLE_HARDENED_RUNTIME = YES;
				ENABLE_PREVIEWS = YES;
				INFOPLIST_FILE = Phage/Info.plist;
				LD_RUNPATH_SEARCH_PATHS = (
					"$(inherited)",
					"@executable_path/../Frameworks",
				);
				PRODUCT_BUNDLE_IDENTIFIER = net.cloudwithlightning.Phage;
				PRODUCT_NAME = "$(TARGET_NAME)";
				SWIFT_VERSION = 5.0;
			};
			name = Release;
		};
		0FA5318722B7D33200715AB8 /* Debug */ = {
			isa = XCBuildConfiguration;
			buildSettings = {
				ALWAYS_EMBED_SWIFT_STANDARD_LIBRARIES = YES;
				BUNDLE_LOADER = "$(TEST_HOST)";
				CODE_SIGN_STYLE = Automatic;
				COMBINE_HIDPI_IMAGES = YES;
				DEVELOPMENT_TEAM = S2DETNM9XB;
				INFOPLIST_FILE = PhageTests/Info.plist;
				LD_RUNPATH_SEARCH_PATHS = (
					"$(inherited)",
					"@executable_path/../Frameworks",
					"@loader_path/../Frameworks",
				);
				PRODUCT_BUNDLE_IDENTIFIER = net.cloudwithlightning.PhageTests;
				PRODUCT_NAME = "$(TARGET_NAME)";
				SWIFT_VERSION = 5.0;
				TEST_HOST = "$(BUILT_PRODUCTS_DIR)/Phage.app/Contents/MacOS/Phage";
			};
			name = Debug;
		};
		0FA5318822B7D33200715AB8 /* Release */ = {
			isa = XCBuildConfiguration;
			buildSettings = {
				ALWAYS_EMBED_SWIFT_STANDARD_LIBRARIES = YES;
				BUNDLE_LOADER = "$(TEST_HOST)";
				CODE_SIGN_STYLE = Automatic;
				COMBINE_HIDPI_IMAGES = YES;
				DEVELOPMENT_TEAM = S2DETNM9XB;
				INFOPLIST_FILE = PhageTests/Info.plist;
				LD_RUNPATH_SEARCH_PATHS = (
					"$(inherited)",
					"@executable_path/../Frameworks",
					"@loader_path/../Frameworks",
				);
				PRODUCT_BUNDLE_IDENTIFIER = net.cloudwithlightning.PhageTests;
				PRODUCT_NAME = "$(TARGET_NAME)";
				SWIFT_VERSION = 5.0;
				TEST_HOST = "$(BUILT_PRODUCTS_DIR)/Phage.app/Contents/MacOS/Phage";
			};
			name = Release;
		};
		0FA5318A22B7D33200715AB8 /* Debug */ = {
			isa = XCBuildConfiguration;
			buildSettings = {
				ALWAYS_EMBED_SWIFT_STANDARD_LIBRARIES = YES;
				CODE_SIGN_STYLE = Automatic;
				COMBINE_HIDPI_IMAGES = YES;
				DEVELOPMENT_TEAM = S2DETNM9XB;
				INFOPLIST_FILE = PhageUITests/Info.plist;
				LD_RUNPATH_SEARCH_PATHS = (
					"$(inherited)",
					"@executable_path/../Frameworks",
					"@loader_path/../Frameworks",
				);
				PRODUCT_BUNDLE_IDENTIFIER = net.cloudwithlightning.PhageUITests;
				PRODUCT_NAME = "$(TARGET_NAME)";
				SWIFT_VERSION = 5.0;
				TEST_TARGET_NAME = Phage;
			};
			name = Debug;
		};
		0FA5318B22B7D33200715AB8 /* Release */ = {
			isa = XCBuildConfiguration;
			buildSettings = {
				ALWAYS_EMBED_SWIFT_STANDARD_LIBRARIES = YES;
				CODE_SIGN_STYLE = Automatic;
				COMBINE_HIDPI_IMAGES = YES;
				DEVELOPMENT_TEAM = S2DETNM9XB;
				INFOPLIST_FILE = PhageUITests/Info.plist;
				LD_RUNPATH_SEARCH_PATHS = (
					"$(inherited)",
					"@executable_path/../Frameworks",
					"@loader_path/../Frameworks",
				);
				PRODUCT_BUNDLE_IDENTIFIER = net.cloudwithlightning.PhageUITests;
				PRODUCT_NAME = "$(TARGET_NAME)";
				SWIFT_VERSION = 5.0;
				TEST_TARGET_NAME = Phage;
			};
			name = Release;
		};
		0FDFB3E422B7EA8200213CC7 /* Debug */ = {
			isa = XCBuildConfiguration;
			buildSettings = {
				APPLICATION_EXTENSION_API_ONLY = YES;
				CLANG_ENABLE_MODULES = YES;
				CODE_SIGN_STYLE = Automatic;
				COMBINE_HIDPI_IMAGES = YES;
				CURRENT_PROJECT_VERSION = 1;
				DEFINES_MODULE = YES;
				DEVELOPMENT_TEAM = S2DETNM9XB;
				DYLIB_COMPATIBILITY_VERSION = 1;
				DYLIB_CURRENT_VERSION = 1;
				DYLIB_INSTALL_NAME_BASE = "@rpath";
				FRAMEWORK_VERSION = A;
				INFOPLIST_FILE = PhageCore/Info.plist;
				INSTALL_PATH = "$(LOCAL_LIBRARY_DIR)/Frameworks";
				LD_RUNPATH_SEARCH_PATHS = (
					"$(inherited)",
					"@executable_path/../Frameworks",
					"@loader_path/Frameworks",
				);
				PRODUCT_BUNDLE_IDENTIFIER = net.cloudwithlightning.PhageCore;
				PRODUCT_NAME = "$(TARGET_NAME:c99extidentifier)";
				SKIP_INSTALL = YES;
				SWIFT_OPTIMIZATION_LEVEL = "-Onone";
				SWIFT_VERSION = 5.0;
				VERSIONING_SYSTEM = "apple-generic";
				VERSION_INFO_PREFIX = "";
			};
			name = Debug;
		};
		0FDFB3E522B7EA8200213CC7 /* Release */ = {
			isa = XCBuildConfiguration;
			buildSettings = {
				APPLICATION_EXTENSION_API_ONLY = YES;
				CLANG_ENABLE_MODULES = YES;
				CODE_SIGN_STYLE = Automatic;
				COMBINE_HIDPI_IMAGES = YES;
				CURRENT_PROJECT_VERSION = 1;
				DEFINES_MODULE = YES;
				DEVELOPMENT_TEAM = S2DETNM9XB;
				DYLIB_COMPATIBILITY_VERSION = 1;
				DYLIB_CURRENT_VERSION = 1;
				DYLIB_INSTALL_NAME_BASE = "@rpath";
				FRAMEWORK_VERSION = A;
				INFOPLIST_FILE = PhageCore/Info.plist;
				INSTALL_PATH = "$(LOCAL_LIBRARY_DIR)/Frameworks";
				LD_RUNPATH_SEARCH_PATHS = (
					"$(inherited)",
					"@executable_path/../Frameworks",
					"@loader_path/Frameworks",
				);
				PRODUCT_BUNDLE_IDENTIFIER = net.cloudwithlightning.PhageCore;
				PRODUCT_NAME = "$(TARGET_NAME:c99extidentifier)";
				SKIP_INSTALL = YES;
				SWIFT_VERSION = 5.0;
				VERSIONING_SYSTEM = "apple-generic";
				VERSION_INFO_PREFIX = "";
			};
			name = Release;
		};
		0FDFB3E822B7EA8200213CC7 /* Debug */ = {
			isa = XCBuildConfiguration;
			buildSettings = {
				ALWAYS_EMBED_SWIFT_STANDARD_LIBRARIES = YES;
				CODE_SIGN_STYLE = Automatic;
				COMBINE_HIDPI_IMAGES = YES;
				DEVELOPMENT_TEAM = S2DETNM9XB;
				INFOPLIST_FILE = PhageCoreTests/Info.plist;
				LD_RUNPATH_SEARCH_PATHS = (
					"$(inherited)",
					"@executable_path/../Frameworks",
					"@loader_path/../Frameworks",
				);
				PRODUCT_BUNDLE_IDENTIFIER = net.cloudwithlightning.PhageCoreTests;
				PRODUCT_NAME = "$(TARGET_NAME)";
				SWIFT_VERSION = 5.0;
			};
			name = Debug;
		};
		0FDFB3E922B7EA8200213CC7 /* Release */ = {
			isa = XCBuildConfiguration;
			buildSettings = {
				ALWAYS_EMBED_SWIFT_STANDARD_LIBRARIES = YES;
				CODE_SIGN_STYLE = Automatic;
				COMBINE_HIDPI_IMAGES = YES;
				DEVELOPMENT_TEAM = S2DETNM9XB;
				INFOPLIST_FILE = PhageCoreTests/Info.plist;
				LD_RUNPATH_SEARCH_PATHS = (
					"$(inherited)",
					"@executable_path/../Frameworks",
					"@loader_path/../Frameworks",
				);
				PRODUCT_BUNDLE_IDENTIFIER = net.cloudwithlightning.PhageCoreTests;
				PRODUCT_NAME = "$(TARGET_NAME)";
				SWIFT_VERSION = 5.0;
			};
			name = Release;
		};
/* End XCBuildConfiguration section */

/* Begin XCConfigurationList section */
		0F31D90B22B7DE26009D305A /* Build configuration list for PBXNativeTarget "Phage Injector" */ = {
			isa = XCConfigurationList;
			buildConfigurations = (
				0F31D90922B7DE26009D305A /* Debug */,
				0F31D90A22B7DE26009D305A /* Release */,
			);
			defaultConfigurationIsVisible = 0;
			defaultConfigurationName = Release;
		};
		0FA5315522B7D33000715AB8 /* Build configuration list for PBXProject "Phage" */ = {
			isa = XCConfigurationList;
			buildConfigurations = (
				0FA5318122B7D33200715AB8 /* Debug */,
				0FA5318222B7D33200715AB8 /* Release */,
			);
			defaultConfigurationIsVisible = 0;
			defaultConfigurationName = Release;
		};
		0FA5318322B7D33200715AB8 /* Build configuration list for PBXNativeTarget "Phage" */ = {
			isa = XCConfigurationList;
			buildConfigurations = (
				0FA5318422B7D33200715AB8 /* Debug */,
				0FA5318522B7D33200715AB8 /* Release */,
			);
			defaultConfigurationIsVisible = 0;
			defaultConfigurationName = Release;
		};
		0FA5318622B7D33200715AB8 /* Build configuration list for PBXNativeTarget "PhageTests" */ = {
			isa = XCConfigurationList;
			buildConfigurations = (
				0FA5318722B7D33200715AB8 /* Debug */,
				0FA5318822B7D33200715AB8 /* Release */,
			);
			defaultConfigurationIsVisible = 0;
			defaultConfigurationName = Release;
		};
		0FA5318922B7D33200715AB8 /* Build configuration list for PBXNativeTarget "PhageUITests" */ = {
			isa = XCConfigurationList;
			buildConfigurations = (
				0FA5318A22B7D33200715AB8 /* Debug */,
				0FA5318B22B7D33200715AB8 /* Release */,
			);
			defaultConfigurationIsVisible = 0;
			defaultConfigurationName = Release;
		};
		0FDFB3E322B7EA8200213CC7 /* Build configuration list for PBXNativeTarget "PhageCore" */ = {
			isa = XCConfigurationList;
			buildConfigurations = (
				0FDFB3E422B7EA8200213CC7 /* Debug */,
				0FDFB3E522B7EA8200213CC7 /* Release */,
			);
			defaultConfigurationIsVisible = 0;
			defaultConfigurationName = Release;
		};
		0FDFB3E722B7EA8200213CC7 /* Build configuration list for PBXNativeTarget "PhageCoreTests" */ = {
			isa = XCConfigurationList;
			buildConfigurations = (
				0FDFB3E822B7EA8200213CC7 /* Debug */,
				0FDFB3E922B7EA8200213CC7 /* Release */,
			);
			defaultConfigurationIsVisible = 0;
			defaultConfigurationName = Release;
		};
/* End XCConfigurationList section */
	};
	rootObject = 0FA5315222B7D33000715AB8 /* Project object */;
}
