// !$*UTF8*$!
{
	archiveVersion = 1;
	classes = {
	};
	objectVersion = 50;
	objects = {

/* Begin PBXBuildFile section */
		2AB3502D2101B50900E5E50A /* AppDelegate.swift in Sources */ = {isa = PBXBuildFile; fileRef = 2AB3502C2101B50900E5E50A /* AppDelegate.swift */; };
		2AB3502F2101B50900E5E50A /* ViewController.swift in Sources */ = {isa = PBXBuildFile; fileRef = 2AB3502E2101B50900E5E50A /* ViewController.swift */; };
		2AB350312101B50B00E5E50A /* Assets.xcassets in Resources */ = {isa = PBXBuildFile; fileRef = 2AB350302101B50B00E5E50A /* Assets.xcassets */; };
		2AB350342101B50B00E5E50A /* Main.storyboard in Resources */ = {isa = PBXBuildFile; fileRef = 2AB350322101B50B00E5E50A /* Main.storyboard */; };
		2AB3503D2101DB9E00E5E50A /* DataStorage.swift in Sources */ = {isa = PBXBuildFile; fileRef = 2AB3503C2101DB9E00E5E50A /* DataStorage.swift */; };
		2ADD8B03210219E600C02DF0 /* Cocoa.framework in Frameworks */ = {isa = PBXBuildFile; fileRef = 2ADD8B02210219E600C02DF0 /* Cocoa.framework */; };
		2ADD8B06210219E600C02DF0 /* SafariExtensionHandler.swift in Sources */ = {isa = PBXBuildFile; fileRef = 2ADD8B05210219E600C02DF0 /* SafariExtensionHandler.swift */; };
		2ADD8B08210219E600C02DF0 /* SafariExtensionViewController.swift in Sources */ = {isa = PBXBuildFile; fileRef = 2ADD8B07210219E600C02DF0 /* SafariExtensionViewController.swift */; };
		2ADD8B0B210219E600C02DF0 /* SafariExtensionViewController.xib in Resources */ = {isa = PBXBuildFile; fileRef = 2ADD8B09210219E600C02DF0 /* SafariExtensionViewController.xib */; };
		2ADD8B0E210219E700C02DF0 /* script.js in Resources */ = {isa = PBXBuildFile; fileRef = 2ADD8B0D210219E700C02DF0 /* script.js */; };
		2ADD8B10210219E700C02DF0 /* ToolbarItemIcon.pdf in Resources */ = {isa = PBXBuildFile; fileRef = 2ADD8B0F210219E700C02DF0 /* ToolbarItemIcon.pdf */; };
		2ADD8B14210219E700C02DF0 /* PhageExtension.appex in Embed App Extensions */ = {isa = PBXBuildFile; fileRef = 2ADD8B00210219E600C02DF0 /* PhageExtension.appex */; settings = {ATTRIBUTES = (RemoveHeadersOnCopy, ); }; };
		2ADD8B1921022FD000C02DF0 /* DataStorage.swift in Sources */ = {isa = PBXBuildFile; fileRef = 2AB3503C2101DB9E00E5E50A /* DataStorage.swift */; };
		2ADD8B1B2102709F00C02DF0 /* libglob.dylib in Frameworks */ = {isa = PBXBuildFile; fileRef = 2ADD8B1A2102709F00C02DF0 /* libglob.dylib */; };
		2ADD8B1E210270CD00C02DF0 /* glob.m in Sources */ = {isa = PBXBuildFile; fileRef = 2ADD8B1D210270CD00C02DF0 /* glob.m */; };
		2AF344C4212842F30010A402 /* ResourceViewController.swift in Sources */ = {isa = PBXBuildFile; fileRef = 2AF344C3212842F30010A402 /* ResourceViewController.swift */; };
/* End PBXBuildFile section */

/* Begin PBXContainerItemProxy section */
		2A50BEE921067D8800443315 /* PBXContainerItemProxy */ = {
			isa = PBXContainerItemProxy;
			containerPortal = 2AB350212101B50900E5E50A /* Project object */;
			proxyType = 1;
			remoteGlobalIDString = 2AD8FA4621067C0B004F3A9B;
			remoteInfo = libglob;
		};
		2ADD8B12210219E700C02DF0 /* PBXContainerItemProxy */ = {
			isa = PBXContainerItemProxy;
			containerPortal = 2AB350212101B50900E5E50A /* Project object */;
			proxyType = 1;
			remoteGlobalIDString = 2ADD8AFF210219E600C02DF0;
			remoteInfo = PhageExtension;
		};
/* End PBXContainerItemProxy section */

/* Begin PBXCopyFilesBuildPhase section */
		2ADD8B18210219E700C02DF0 /* Embed App Extensions */ = {
			isa = PBXCopyFilesBuildPhase;
			buildActionMask = 2147483647;
			dstPath = "";
			dstSubfolderSpec = 13;
			files = (
				2ADD8B14210219E700C02DF0 /* PhageExtension.appex in Embed App Extensions */,
			);
			name = "Embed App Extensions";
			runOnlyForDeploymentPostprocessing = 0;
		};
/* End PBXCopyFilesBuildPhase section */

/* Begin PBXFileReference section */
		2A95ABC421027E1F000938CE /* libglob.h */ = {isa = PBXFileReference; lastKnownFileType = sourcecode.c.h; path = libglob.h; sourceTree = "<group>"; };
		2AB350292101B50900E5E50A /* Phage.app */ = {isa = PBXFileReference; explicitFileType = wrapper.application; includeInIndex = 0; path = Phage.app; sourceTree = BUILT_PRODUCTS_DIR; };
		2AB3502C2101B50900E5E50A /* AppDelegate.swift */ = {isa = PBXFileReference; lastKnownFileType = sourcecode.swift; path = AppDelegate.swift; sourceTree = "<group>"; };
		2AB3502E2101B50900E5E50A /* ViewController.swift */ = {isa = PBXFileReference; lastKnownFileType = sourcecode.swift; path = ViewController.swift; sourceTree = "<group>"; };
		2AB350302101B50B00E5E50A /* Assets.xcassets */ = {isa = PBXFileReference; lastKnownFileType = folder.assetcatalog; path = Assets.xcassets; sourceTree = "<group>"; };
		2AB350332101B50B00E5E50A /* Base */ = {isa = PBXFileReference; lastKnownFileType = file.storyboard; name = Base; path = Base.lproj/Main.storyboard; sourceTree = "<group>"; };
		2AB350352101B50B00E5E50A /* Info.plist */ = {isa = PBXFileReference; lastKnownFileType = text.plist.xml; path = Info.plist; sourceTree = "<group>"; };
		2AB350362101B50B00E5E50A /* Phage.entitlements */ = {isa = PBXFileReference; lastKnownFileType = text.plist.entitlements; path = Phage.entitlements; sourceTree = "<group>"; };
		2AB3503C2101DB9E00E5E50A /* DataStorage.swift */ = {isa = PBXFileReference; lastKnownFileType = sourcecode.swift; path = DataStorage.swift; sourceTree = "<group>"; };
		2AD8F7F621067313004F3A9B /* README.md */ = {isa = PBXFileReference; fileEncoding = 4; lastKnownFileType = net.daringfireball.markdown; path = README.md; sourceTree = "<group>"; };
		2AD8F7F821067322004F3A9B /* LICENSE.md */ = {isa = PBXFileReference; fileEncoding = 4; lastKnownFileType = net.daringfireball.markdown; path = LICENSE.md; sourceTree = "<group>"; };
		2AD8F7FA2106745D004F3A9B /* .gitignore */ = {isa = PBXFileReference; lastKnownFileType = text; path = .gitignore; sourceTree = "<group>"; };
		2AD8F7FB21067527004F3A9B /* glob */ = {isa = PBXFileReference; lastKnownFileType = folder; path = glob; sourceTree = "<group>"; };
		2ADD8B00210219E600C02DF0 /* PhageExtension.appex */ = {isa = PBXFileReference; explicitFileType = "wrapper.app-extension"; includeInIndex = 0; path = PhageExtension.appex; sourceTree = BUILT_PRODUCTS_DIR; };
		2ADD8B02210219E600C02DF0 /* Cocoa.framework */ = {isa = PBXFileReference; lastKnownFileType = wrapper.framework; name = Cocoa.framework; path = System/Library/Frameworks/Cocoa.framework; sourceTree = SDKROOT; };
		2ADD8B05210219E600C02DF0 /* SafariExtensionHandler.swift */ = {isa = PBXFileReference; lastKnownFileType = sourcecode.swift; path = SafariExtensionHandler.swift; sourceTree = "<group>"; };
		2ADD8B07210219E600C02DF0 /* SafariExtensionViewController.swift */ = {isa = PBXFileReference; lastKnownFileType = sourcecode.swift; path = SafariExtensionViewController.swift; sourceTree = "<group>"; };
		2ADD8B0A210219E600C02DF0 /* Base */ = {isa = PBXFileReference; lastKnownFileType = file.xib; name = Base; path = Base.lproj/SafariExtensionViewController.xib; sourceTree = "<group>"; };
		2ADD8B0C210219E600C02DF0 /* Info.plist */ = {isa = PBXFileReference; lastKnownFileType = text.plist.xml; path = Info.plist; sourceTree = "<group>"; };
		2ADD8B0D210219E700C02DF0 /* script.js */ = {isa = PBXFileReference; lastKnownFileType = sourcecode.javascript; path = script.js; sourceTree = "<group>"; };
		2ADD8B0F210219E700C02DF0 /* ToolbarItemIcon.pdf */ = {isa = PBXFileReference; lastKnownFileType = image.pdf; path = ToolbarItemIcon.pdf; sourceTree = "<group>"; };
		2ADD8B11210219E700C02DF0 /* PhageExtension.entitlements */ = {isa = PBXFileReference; lastKnownFileType = text.plist.entitlements; path = PhageExtension.entitlements; sourceTree = "<group>"; };
		2ADD8B1A2102709F00C02DF0 /* libglob.dylib */ = {isa = PBXFileReference; lastKnownFileType = "compiled.mach-o.dylib"; name = libglob.dylib; path = glob/target/release/libglob.dylib; sourceTree = "<group>"; };
		2ADD8B1C210270CD00C02DF0 /* PhageExtension-Bridging-Header.h */ = {isa = PBXFileReference; lastKnownFileType = sourcecode.c.h; path = "PhageExtension-Bridging-Header.h"; sourceTree = "<group>"; };
		2ADD8B1D210270CD00C02DF0 /* glob.m */ = {isa = PBXFileReference; lastKnownFileType = sourcecode.c.objc; path = glob.m; sourceTree = "<group>"; };
		2ADD8B1F210271D300C02DF0 /* glob.h */ = {isa = PBXFileReference; lastKnownFileType = sourcecode.c.h; path = glob.h; sourceTree = "<group>"; };
		2AF344C3212842F30010A402 /* ResourceViewController.swift */ = {isa = PBXFileReference; lastKnownFileType = sourcecode.swift; path = ResourceViewController.swift; sourceTree = "<group>"; };
/* End PBXFileReference section */

/* Begin PBXFrameworksBuildPhase section */
		2AB350262101B50900E5E50A /* Frameworks */ = {
			isa = PBXFrameworksBuildPhase;
			buildActionMask = 2147483647;
			files = (
			);
			runOnlyForDeploymentPostprocessing = 0;
		};
		2ADD8AFD210219E600C02DF0 /* Frameworks */ = {
			isa = PBXFrameworksBuildPhase;
			buildActionMask = 2147483647;
			files = (
				2ADD8B03210219E600C02DF0 /* Cocoa.framework in Frameworks */,
				2ADD8B1B2102709F00C02DF0 /* libglob.dylib in Frameworks */,
			);
			runOnlyForDeploymentPostprocessing = 0;
		};
/* End PBXFrameworksBuildPhase section */

/* Begin PBXGroup section */
		2AB350202101B50900E5E50A = {
			isa = PBXGroup;
			children = (
				2AD8F7F3210672ED004F3A9B /* Meta */,
				2AB3502B2101B50900E5E50A /* Phage */,
				2ADD8B04210219E600C02DF0 /* PhageExtension */,
				2AD8F7FB21067527004F3A9B /* glob */,
				2ADD8B01210219E600C02DF0 /* Frameworks */,
				2AB3502A2101B50900E5E50A /* Products */,
			);
			sourceTree = "<group>";
		};
		2AB3502A2101B50900E5E50A /* Products */ = {
			isa = PBXGroup;
			children = (
				2AB350292101B50900E5E50A /* Phage.app */,
				2ADD8B00210219E600C02DF0 /* PhageExtension.appex */,
			);
			name = Products;
			sourceTree = "<group>";
		};
		2AB3502B2101B50900E5E50A /* Phage */ = {
			isa = PBXGroup;
			children = (
				2AB3502C2101B50900E5E50A /* AppDelegate.swift */,
				2AB3502E2101B50900E5E50A /* ViewController.swift */,
				2AF344C3212842F30010A402 /* ResourceViewController.swift */,
				2AB3503C2101DB9E00E5E50A /* DataStorage.swift */,
				2AB350302101B50B00E5E50A /* Assets.xcassets */,
				2AB350322101B50B00E5E50A /* Main.storyboard */,
				2AB350352101B50B00E5E50A /* Info.plist */,
				2AB350362101B50B00E5E50A /* Phage.entitlements */,
			);
			path = Phage;
			sourceTree = "<group>";
		};
		2AD8F7F3210672ED004F3A9B /* Meta */ = {
			isa = PBXGroup;
			children = (
				2AD8F7FA2106745D004F3A9B /* .gitignore */,
				2AD8F7F621067313004F3A9B /* README.md */,
				2AD8F7F821067322004F3A9B /* LICENSE.md */,
			);
			name = Meta;
			sourceTree = "<group>";
		};
		2ADD8B01210219E600C02DF0 /* Frameworks */ = {
			isa = PBXGroup;
			children = (
				2ADD8B1A2102709F00C02DF0 /* libglob.dylib */,
				2ADD8B02210219E600C02DF0 /* Cocoa.framework */,
			);
			name = Frameworks;
			sourceTree = "<group>";
		};
		2ADD8B04210219E600C02DF0 /* PhageExtension */ = {
			isa = PBXGroup;
			children = (
				2ADD8B05210219E600C02DF0 /* SafariExtensionHandler.swift */,
				2ADD8B07210219E600C02DF0 /* SafariExtensionViewController.swift */,
				2ADD8B09210219E600C02DF0 /* SafariExtensionViewController.xib */,
				2ADD8B0C210219E600C02DF0 /* Info.plist */,
				2ADD8B0D210219E700C02DF0 /* script.js */,
				2ADD8B0F210219E700C02DF0 /* ToolbarItemIcon.pdf */,
				2A95ABC421027E1F000938CE /* libglob.h */,
				2ADD8B1F210271D300C02DF0 /* glob.h */,
				2ADD8B1D210270CD00C02DF0 /* glob.m */,
				2ADD8B1C210270CD00C02DF0 /* PhageExtension-Bridging-Header.h */,
				2ADD8B11210219E700C02DF0 /* PhageExtension.entitlements */,
			);
			path = PhageExtension;
			sourceTree = "<group>";
		};
/* End PBXGroup section */

/* Begin PBXLegacyTarget section */
		2AD8FA4621067C0B004F3A9B /* libglob */ = {
			isa = PBXLegacyTarget;
			buildArgumentsString = "\"$(SRCROOT)/glob/build_xcode.sh\"";
			buildConfigurationList = 2AD8FA4721067C0B004F3A9B /* Build configuration list for PBXLegacyTarget "libglob" */;
			buildPhases = (
			);
			buildToolPath = /bin/sh;
			buildWorkingDirectory = glob;
			dependencies = (
			);
			name = libglob;
			passBuildSettingsInEnvironment = 1;
			productName = glob;
		};
/* End PBXLegacyTarget section */

/* Begin PBXNativeTarget section */
		2AB350282101B50900E5E50A /* Phage */ = {
			isa = PBXNativeTarget;
			buildConfigurationList = 2AB350392101B50B00E5E50A /* Build configuration list for PBXNativeTarget "Phage" */;
			buildPhases = (
				2AB350252101B50900E5E50A /* Sources */,
				2AB350262101B50900E5E50A /* Frameworks */,
				2AB350272101B50900E5E50A /* Resources */,
				2ADD8B18210219E700C02DF0 /* Embed App Extensions */,
			);
			buildRules = (
			);
			dependencies = (
				2ADD8B13210219E700C02DF0 /* PBXTargetDependency */,
			);
			name = Phage;
			productName = Phage;
			productReference = 2AB350292101B50900E5E50A /* Phage.app */;
			productType = "com.apple.product-type.application";
		};
		2ADD8AFF210219E600C02DF0 /* PhageExtension */ = {
			isa = PBXNativeTarget;
			buildConfigurationList = 2ADD8B15210219E700C02DF0 /* Build configuration list for PBXNativeTarget "PhageExtension" */;
			buildPhases = (
				2ADD8AFC210219E600C02DF0 /* Sources */,
				2ADD8AFD210219E600C02DF0 /* Frameworks */,
				2ADD8AFE210219E600C02DF0 /* Resources */,
			);
			buildRules = (
			);
			dependencies = (
				2A50BEEA21067D8800443315 /* PBXTargetDependency */,
			);
			name = PhageExtension;
			productName = PhageExtension;
			productReference = 2ADD8B00210219E600C02DF0 /* PhageExtension.appex */;
			productType = "com.apple.product-type.app-extension";
		};
/* End PBXNativeTarget section */

/* Begin PBXProject section */
		2AB350212101B50900E5E50A /* Project object */ = {
			isa = PBXProject;
			attributes = {
				LastSwiftUpdateCheck = 1000;
				LastUpgradeCheck = 1000;
				ORGANIZATIONNAME = cpsdqs;
				TargetAttributes = {
					2AB350282101B50900E5E50A = {
						CreatedOnToolsVersion = 10.0;
						SystemCapabilities = {
							com.apple.ApplicationGroups.Mac = {
								enabled = 1;
							};
							com.apple.Sandbox = {
								enabled = 1;
							};
						};
					};
					2AD8FA4621067C0B004F3A9B = {
						CreatedOnToolsVersion = 10.0;
					};
					2ADD8AFF210219E600C02DF0 = {
						CreatedOnToolsVersion = 10.0;
						LastSwiftMigration = 1000;
						SystemCapabilities = {
							com.apple.ApplicationGroups.Mac = {
								enabled = 1;
							};
						};
					};
				};
			};
			buildConfigurationList = 2AB350242101B50900E5E50A /* Build configuration list for PBXProject "Phage" */;
			compatibilityVersion = "Xcode 9.3";
			developmentRegion = en;
			hasScannedForEncodings = 0;
			knownRegions = (
				en,
				Base,
			);
			mainGroup = 2AB350202101B50900E5E50A;
			productRefGroup = 2AB3502A2101B50900E5E50A /* Products */;
			projectDirPath = "";
			projectRoot = "";
			targets = (
				2AB350282101B50900E5E50A /* Phage */,
				2ADD8AFF210219E600C02DF0 /* PhageExtension */,
				2AD8FA4621067C0B004F3A9B /* libglob */,
			);
		};
/* End PBXProject section */

/* Begin PBXResourcesBuildPhase section */
		2AB350272101B50900E5E50A /* Resources */ = {
			isa = PBXResourcesBuildPhase;
			buildActionMask = 2147483647;
			files = (
				2AB350312101B50B00E5E50A /* Assets.xcassets in Resources */,
				2AB350342101B50B00E5E50A /* Main.storyboard in Resources */,
			);
			runOnlyForDeploymentPostprocessing = 0;
		};
		2ADD8AFE210219E600C02DF0 /* Resources */ = {
			isa = PBXResourcesBuildPhase;
			buildActionMask = 2147483647;
			files = (
				2ADD8B10210219E700C02DF0 /* ToolbarItemIcon.pdf in Resources */,
				2ADD8B0B210219E600C02DF0 /* SafariExtensionViewController.xib in Resources */,
				2ADD8B0E210219E700C02DF0 /* script.js in Resources */,
			);
			runOnlyForDeploymentPostprocessing = 0;
		};
/* End PBXResourcesBuildPhase section */

/* Begin PBXSourcesBuildPhase section */
		2AB350252101B50900E5E50A /* Sources */ = {
			isa = PBXSourcesBuildPhase;
			buildActionMask = 2147483647;
			files = (
				2AB3503D2101DB9E00E5E50A /* DataStorage.swift in Sources */,
				2AB3502F2101B50900E5E50A /* ViewController.swift in Sources */,
				2AF344C4212842F30010A402 /* ResourceViewController.swift in Sources */,
				2AB3502D2101B50900E5E50A /* AppDelegate.swift in Sources */,
			);
			runOnlyForDeploymentPostprocessing = 0;
		};
		2ADD8AFC210219E600C02DF0 /* Sources */ = {
			isa = PBXSourcesBuildPhase;
			buildActionMask = 2147483647;
			files = (
				2ADD8B1921022FD000C02DF0 /* DataStorage.swift in Sources */,
				2ADD8B1E210270CD00C02DF0 /* glob.m in Sources */,
				2ADD8B08210219E600C02DF0 /* SafariExtensionViewController.swift in Sources */,
				2ADD8B06210219E600C02DF0 /* SafariExtensionHandler.swift in Sources */,
			);
			runOnlyForDeploymentPostprocessing = 0;
		};
/* End PBXSourcesBuildPhase section */

/* Begin PBXTargetDependency section */
		2A50BEEA21067D8800443315 /* PBXTargetDependency */ = {
			isa = PBXTargetDependency;
			target = 2AD8FA4621067C0B004F3A9B /* libglob */;
			targetProxy = 2A50BEE921067D8800443315 /* PBXContainerItemProxy */;
		};
		2ADD8B13210219E700C02DF0 /* PBXTargetDependency */ = {
			isa = PBXTargetDependency;
			target = 2ADD8AFF210219E600C02DF0 /* PhageExtension */;
			targetProxy = 2ADD8B12210219E700C02DF0 /* PBXContainerItemProxy */;
		};
/* End PBXTargetDependency section */

/* Begin PBXVariantGroup section */
		2AB350322101B50B00E5E50A /* Main.storyboard */ = {
			isa = PBXVariantGroup;
			children = (
				2AB350332101B50B00E5E50A /* Base */,
			);
			name = Main.storyboard;
			sourceTree = "<group>";
		};
		2ADD8B09210219E600C02DF0 /* SafariExtensionViewController.xib */ = {
			isa = PBXVariantGroup;
			children = (
				2ADD8B0A210219E600C02DF0 /* Base */,
			);
			name = SafariExtensionViewController.xib;
			sourceTree = "<group>";
		};
/* End PBXVariantGroup section */

/* Begin XCBuildConfiguration section */
		2AB350372101B50B00E5E50A /* Debug */ = {
			isa = XCBuildConfiguration;
			buildSettings = {
				ALWAYS_SEARCH_USER_PATHS = NO;
				CLANG_ANALYZER_NONNULL = YES;
				CLANG_ANALYZER_NUMBER_OBJECT_CONVERSION = YES_AGGRESSIVE;
				CLANG_CXX_LANGUAGE_STANDARD = "gnu++14";
				CLANG_CXX_LIBRARY = "libc++";
				CLANG_ENABLE_MODULES = YES;
				CLANG_ENABLE_OBJC_ARC = YES;
				CLANG_ENABLE_OBJC_WEAK = YES;
				CLANG_WARN_BLOCK_CAPTURE_AUTORELEASING = YES;
				CLANG_WARN_BOOL_CONVERSION = YES;
				CLANG_WARN_COMMA = YES;
				CLANG_WARN_CONSTANT_CONVERSION = YES;
				CLANG_WARN_DEPRECATED_OBJC_IMPLEMENTATIONS = YES;
				CLANG_WARN_DIRECT_OBJC_ISA_USAGE = YES_ERROR;
				CLANG_WARN_DOCUMENTATION_COMMENTS = YES;
				CLANG_WARN_EMPTY_BODY = YES;
				CLANG_WARN_ENUM_CONVERSION = YES;
				CLANG_WARN_INFINITE_RECURSION = YES;
				CLANG_WARN_INT_CONVERSION = YES;
				CLANG_WARN_NON_LITERAL_NULL_CONVERSION = YES;
				CLANG_WARN_OBJC_IMPLICIT_RETAIN_SELF = YES;
				CLANG_WARN_OBJC_LITERAL_CONVERSION = YES;
				CLANG_WARN_OBJC_ROOT_CLASS = YES_ERROR;
				CLANG_WARN_RANGE_LOOP_ANALYSIS = YES;
				CLANG_WARN_STRICT_PROTOTYPES = YES;
				CLANG_WARN_SUSPICIOUS_MOVE = YES;
				CLANG_WARN_UNGUARDED_AVAILABILITY = YES_AGGRESSIVE;
				CLANG_WARN_UNREACHABLE_CODE = YES;
				CLANG_WARN__DUPLICATE_METHOD_MATCH = YES;
				CODE_SIGN_IDENTITY = "-";
				COPY_PHASE_STRIP = NO;
				DEBUG_INFORMATION_FORMAT = dwarf;
				ENABLE_STRICT_OBJC_MSGSEND = YES;
				ENABLE_TESTABILITY = YES;
				GCC_C_LANGUAGE_STANDARD = gnu11;
				GCC_DYNAMIC_NO_PIC = NO;
				GCC_NO_COMMON_BLOCKS = YES;
				GCC_OPTIMIZATION_LEVEL = 0;
				GCC_PREPROCESSOR_DEFINITIONS = (
					"DEBUG=1",
					"$(inherited)",
				);
				GCC_WARN_64_TO_32_BIT_CONVERSION = YES;
				GCC_WARN_ABOUT_RETURN_TYPE = YES_ERROR;
				GCC_WARN_UNDECLARED_SELECTOR = YES;
				GCC_WARN_UNINITIALIZED_AUTOS = YES_AGGRESSIVE;
				GCC_WARN_UNUSED_FUNCTION = YES;
				GCC_WARN_UNUSED_VARIABLE = YES;
				MACOSX_DEPLOYMENT_TARGET = 10.14;
				MTL_ENABLE_DEBUG_INFO = INCLUDE_SOURCE;
				MTL_FAST_MATH = YES;
				ONLY_ACTIVE_ARCH = YES;
				SDKROOT = macosx;
				SWIFT_ACTIVE_COMPILATION_CONDITIONS = DEBUG;
				SWIFT_OPTIMIZATION_LEVEL = "-Onone";
			};
			name = Debug;
		};
		2AB350382101B50B00E5E50A /* Release */ = {
			isa = XCBuildConfiguration;
			buildSettings = {
				ALWAYS_SEARCH_USER_PATHS = NO;
				CLANG_ANALYZER_NONNULL = YES;
				CLANG_ANALYZER_NUMBER_OBJECT_CONVERSION = YES_AGGRESSIVE;
				CLANG_CXX_LANGUAGE_STANDARD = "gnu++14";
				CLANG_CXX_LIBRARY = "libc++";
				CLANG_ENABLE_MODULES = YES;
				CLANG_ENABLE_OBJC_ARC = YES;
				CLANG_ENABLE_OBJC_WEAK = YES;
				CLANG_WARN_BLOCK_CAPTURE_AUTORELEASING = YES;
				CLANG_WARN_BOOL_CONVERSION = YES;
				CLANG_WARN_COMMA = YES;
				CLANG_WARN_CONSTANT_CONVERSION = YES;
				CLANG_WARN_DEPRECATED_OBJC_IMPLEMENTATIONS = YES;
				CLANG_WARN_DIRECT_OBJC_ISA_USAGE = YES_ERROR;
				CLANG_WARN_DOCUMENTATION_COMMENTS = YES;
				CLANG_WARN_EMPTY_BODY = YES;
				CLANG_WARN_ENUM_CONVERSION = YES;
				CLANG_WARN_INFINITE_RECURSION = YES;
				CLANG_WARN_INT_CONVERSION = YES;
				CLANG_WARN_NON_LITERAL_NULL_CONVERSION = YES;
				CLANG_WARN_OBJC_IMPLICIT_RETAIN_SELF = YES;
				CLANG_WARN_OBJC_LITERAL_CONVERSION = YES;
				CLANG_WARN_OBJC_ROOT_CLASS = YES_ERROR;
				CLANG_WARN_RANGE_LOOP_ANALYSIS = YES;
				CLANG_WARN_STRICT_PROTOTYPES = YES;
				CLANG_WARN_SUSPICIOUS_MOVE = YES;
				CLANG_WARN_UNGUARDED_AVAILABILITY = YES_AGGRESSIVE;
				CLANG_WARN_UNREACHABLE_CODE = YES;
				CLANG_WARN__DUPLICATE_METHOD_MATCH = YES;
				CODE_SIGN_IDENTITY = "-";
				COPY_PHASE_STRIP = NO;
				DEBUG_INFORMATION_FORMAT = "dwarf-with-dsym";
				ENABLE_NS_ASSERTIONS = NO;
				ENABLE_STRICT_OBJC_MSGSEND = YES;
				GCC_C_LANGUAGE_STANDARD = gnu11;
				GCC_NO_COMMON_BLOCKS = YES;
				GCC_WARN_64_TO_32_BIT_CONVERSION = YES;
				GCC_WARN_ABOUT_RETURN_TYPE = YES_ERROR;
				GCC_WARN_UNDECLARED_SELECTOR = YES;
				GCC_WARN_UNINITIALIZED_AUTOS = YES_AGGRESSIVE;
				GCC_WARN_UNUSED_FUNCTION = YES;
				GCC_WARN_UNUSED_VARIABLE = YES;
				MACOSX_DEPLOYMENT_TARGET = 10.14;
				MTL_ENABLE_DEBUG_INFO = NO;
				MTL_FAST_MATH = YES;
				SDKROOT = macosx;
				SWIFT_COMPILATION_MODE = wholemodule;
				SWIFT_OPTIMIZATION_LEVEL = "-O";
			};
			name = Release;
		};
		2AB3503A2101B50B00E5E50A /* Debug */ = {
			isa = XCBuildConfiguration;
			buildSettings = {
				ALWAYS_EMBED_SWIFT_STANDARD_LIBRARIES = YES;
				ASSETCATALOG_COMPILER_APPICON_NAME = AppIcon;
				CODE_SIGN_ENTITLEMENTS = Phage/Phage.entitlements;
				CODE_SIGN_IDENTITY = "Mac Developer";
				CODE_SIGN_STYLE = Automatic;
				COMBINE_HIDPI_IMAGES = YES;
				DEVELOPMENT_TEAM = S2DETNM9XB;
				INFOPLIST_FILE = Phage/Info.plist;
				LD_RUNPATH_SEARCH_PATHS = (
					"$(inherited)",
					"@executable_path/../Frameworks",
				);
				PRODUCT_BUNDLE_IDENTIFIER = net.cloudwithlightning.Phage;
				PRODUCT_NAME = "$(TARGET_NAME)";
				PROVISIONING_PROFILE_SPECIFIER = "";
				SWIFT_VERSION = 4.2;
			};
			name = Debug;
		};
		2AB3503B2101B50B00E5E50A /* Release */ = {
			isa = XCBuildConfiguration;
			buildSettings = {
				ALWAYS_EMBED_SWIFT_STANDARD_LIBRARIES = YES;
				ASSETCATALOG_COMPILER_APPICON_NAME = AppIcon;
				CODE_SIGN_ENTITLEMENTS = Phage/Phage.entitlements;
				CODE_SIGN_IDENTITY = "Mac Developer";
				CODE_SIGN_STYLE = Automatic;
				COMBINE_HIDPI_IMAGES = YES;
				DEVELOPMENT_TEAM = S2DETNM9XB;
				INFOPLIST_FILE = Phage/Info.plist;
				LD_RUNPATH_SEARCH_PATHS = (
					"$(inherited)",
					"@executable_path/../Frameworks",
				);
				PRODUCT_BUNDLE_IDENTIFIER = net.cloudwithlightning.Phage;
				PRODUCT_NAME = "$(TARGET_NAME)";
				PROVISIONING_PROFILE_SPECIFIER = "";
				SWIFT_VERSION = 4.2;
			};
			name = Release;
		};
		2AD8FA4821067C0B004F3A9B /* Debug */ = {
			isa = XCBuildConfiguration;
			buildSettings = {
				CODE_SIGN_STYLE = Automatic;
				DEBUGGING_SYMBOLS = YES;
				DEBUG_INFORMATION_FORMAT = dwarf;
				GCC_GENERATE_DEBUGGING_SYMBOLS = YES;
				GCC_OPTIMIZATION_LEVEL = 0;
				OTHER_CFLAGS = "";
				OTHER_LDFLAGS = "";
				PRODUCT_NAME = "$(TARGET_NAME)";
			};
			name = Debug;
		};
		2AD8FA4921067C0B004F3A9B /* Release */ = {
			isa = XCBuildConfiguration;
			buildSettings = {
				CODE_SIGN_STYLE = Automatic;
				DEBUG_INFORMATION_FORMAT = "dwarf-with-dsym";
				OTHER_CFLAGS = "";
				OTHER_LDFLAGS = "";
				PRODUCT_NAME = "$(TARGET_NAME)";
			};
			name = Release;
		};
		2ADD8B16210219E700C02DF0 /* Debug */ = {
			isa = XCBuildConfiguration;
			buildSettings = {
				ASSETCATALOG_COMPILER_APPICON_NAME = AppIcon;
				CLANG_ENABLE_MODULES = YES;
				CODE_SIGN_ENTITLEMENTS = PhageExtension/PhageExtension.entitlements;
				CODE_SIGN_IDENTITY = "Mac Developer";
				CODE_SIGN_STYLE = Automatic;
				DEVELOPMENT_TEAM = S2DETNM9XB;
				INFOPLIST_FILE = PhageExtension/Info.plist;
				LD_RUNPATH_SEARCH_PATHS = (
					"$(inherited)",
					"@executable_path/../Frameworks",
					"@executable_path/../../../../Frameworks",
				);
				LIBRARY_SEARCH_PATHS = (
					"$(inherited)",
					"$(PROJECT_DIR)",
					"$(PROJECT_DIR)/glob/target/release",
				);
				PRODUCT_BUNDLE_IDENTIFIER = net.cloudwithlightning.Phage.PhageExtension;
				PRODUCT_NAME = "$(TARGET_NAME)";
				PROVISIONING_PROFILE_SPECIFIER = "";
				SKIP_INSTALL = YES;
				SWIFT_OBJC_BRIDGING_HEADER = "PhageExtension/PhageExtension-Bridging-Header.h";
				SWIFT_OPTIMIZATION_LEVEL = "-Onone";
				SWIFT_VERSION = 4.2;
			};
			name = Debug;
		};
		2ADD8B17210219E700C02DF0 /* Release */ = {
			isa = XCBuildConfiguration;
			buildSettings = {
				ASSETCATALOG_COMPILER_APPICON_NAME = AppIcon;
				CLANG_ENABLE_MODULES = YES;
				CODE_SIGN_ENTITLEMENTS = PhageExtension/PhageExtension.entitlements;
				CODE_SIGN_IDENTITY = "Mac Developer";
				CODE_SIGN_STYLE = Automatic;
				DEVELOPMENT_TEAM = S2DETNM9XB;
				INFOPLIST_FILE = PhageExtension/Info.plist;
				LD_RUNPATH_SEARCH_PATHS = (
					"$(inherited)",
					"@executable_path/../Frameworks",
					"@executable_path/../../../../Frameworks",
				);
				LIBRARY_SEARCH_PATHS = (
					"$(inherited)",
					"$(PROJECT_DIR)",
					"$(PROJECT_DIR)/glob/target/release",
				);
				PRODUCT_BUNDLE_IDENTIFIER = net.cloudwithlightning.Phage.PhageExtension;
				PRODUCT_NAME = "$(TARGET_NAME)";
				PROVISIONING_PROFILE_SPECIFIER = "";
				SKIP_INSTALL = YES;
				SWIFT_OBJC_BRIDGING_HEADER = "PhageExtension/PhageExtension-Bridging-Header.h";
				SWIFT_VERSION = 4.2;
			};
			name = Release;
		};
/* End XCBuildConfiguration section */

/* Begin XCConfigurationList section */
		2AB350242101B50900E5E50A /* Build configuration list for PBXProject "Phage" */ = {
			isa = XCConfigurationList;
			buildConfigurations = (
				2AB350372101B50B00E5E50A /* Debug */,
				2AB350382101B50B00E5E50A /* Release */,
			);
			defaultConfigurationIsVisible = 0;
			defaultConfigurationName = Release;
		};
		2AB350392101B50B00E5E50A /* Build configuration list for PBXNativeTarget "Phage" */ = {
			isa = XCConfigurationList;
			buildConfigurations = (
				2AB3503A2101B50B00E5E50A /* Debug */,
				2AB3503B2101B50B00E5E50A /* Release */,
			);
			defaultConfigurationIsVisible = 0;
			defaultConfigurationName = Release;
		};
		2AD8FA4721067C0B004F3A9B /* Build configuration list for PBXLegacyTarget "libglob" */ = {
			isa = XCConfigurationList;
			buildConfigurations = (
				2AD8FA4821067C0B004F3A9B /* Debug */,
				2AD8FA4921067C0B004F3A9B /* Release */,
			);
			defaultConfigurationIsVisible = 0;
			defaultConfigurationName = Release;
		};
		2ADD8B15210219E700C02DF0 /* Build configuration list for PBXNativeTarget "PhageExtension" */ = {
			isa = XCConfigurationList;
			buildConfigurations = (
				2ADD8B16210219E700C02DF0 /* Debug */,
				2ADD8B17210219E700C02DF0 /* Release */,
			);
			defaultConfigurationIsVisible = 0;
			defaultConfigurationName = Release;
		};
/* End XCConfigurationList section */
	};
	rootObject = 2AB350212101B50900E5E50A /* Project object */;
}
